<?xml version="1.0" encoding="utf-8"?>
<Project ToolsVersion="4.0" xmlns="http://schemas.microsoft.com/developer/msbuild/2003">
  <ItemGroup>
    <Filter Include="Source Files">
      <UniqueIdentifier>{4FC737F1-C7A5-4376-A066-2A32D752A2FF}</UniqueIdentifier>
      <Extensions>cpp;c;cc;cxx;def;odl;idl;hpj;bat;asm;asmx</Extensions>
    </Filter>
    <Filter Include="Header Files">
      <UniqueIdentifier>{93995380-89BD-4b04-88EB-625FBE52EBFB}</UniqueIdentifier>
      <Extensions>h;hh;hpp;hxx;hm;inl;inc;xsd</Extensions>
    </Filter>
    <Filter Include="Resource Files">
      <UniqueIdentifier>{67DA6AB6-F800-4c08-8B7A-83BB121AAD01}</UniqueIdentifier>
      <Extensions>rc;ico;cur;bmp;dlg;rc2;rct;bin;rgs;gif;jpg;jpeg;jpe;resx;tiff;tif;png;wav;mfcribbon-ms</Extensions>
    </Filter>
    <Filter Include="Source Files\compare">
      <UniqueIdentifier>{aa60c95f-e6e0-4adc-aaec-858bc78db437}</UniqueIdentifier>
    </Filter>
    <Filter Include="Source Files\merge">
      <UniqueIdentifier>{9d86081a-c84f-4651-b14b-58fa5f82cbc3}</UniqueIdentifier>
    </Filter>
    <Filter Include="Source Files\asign">
      <UniqueIdentifier>{745509a1-8230-4c6d-9fa7-fcc985e1267f}</UniqueIdentifier>
    </Filter>
  </ItemGroup>
  <ItemGroup>
    <ClInclude Include="stdafx.h">
      <Filter>Header Files</Filter>
    </ClInclude>
    <ClInclude Include="targetver.h">
      <Filter>Header Files</Filter>
    </ClInclude>
    <ClInclude Include="BundleFile.h">
      <Filter>Header Files</Filter>
    </ClInclude>
    <ClInclude Include="EndianBinaryReader.h">
      <Filter>Header Files</Filter>
    </ClInclude>
    <ClInclude Include="lz4.h">
      <Filter>Header Files</Filter>
    </ClInclude>
    <ClInclude Include="AssetChunk.h">
      <Filter>Header Files</Filter>
    </ClInclude>
    <ClInclude Include="EntryItem.h">
      <Filter>Header Files</Filter>
    </ClInclude>
    <ClInclude Include="ComparePaser.h">
      <Filter>Source Files\compare</Filter>
    </ClInclude>
    <ClInclude Include="Parser.h">
      <Filter>Header Files</Filter>
    </ClInclude>
    <ClInclude Include="MergeParser.h">
      <Filter>Source Files\merge</Filter>
    </ClInclude>
    <ClInclude Include="EndianBinaryWriter.h">
      <Filter>Header Files</Filter>
    </ClInclude>
    <ClInclude Include="lz4hc.h">
      <Filter>Header Files</Filter>
    </ClInclude>
    <ClInclude Include="lz4opt.h">
      <Filter>Header Files</Filter>
    </ClInclude>
    <ClInclude Include="uthash.h">
      <Filter>Header Files</Filter>
    </ClInclude>
    <ClInclude Include="md5.h">
      <Filter>Header Files</Filter>
    </ClInclude>
    <ClInclude Include="AsignParser.h">
      <Filter>Source Files\asign</Filter>
    </ClInclude>
    <ClInclude Include="cmdline.h">
      <Filter>Header Files</Filter>
    </ClInclude>
  </ItemGroup>
  <ItemGroup>
    <ClCompile Include="BundleFile.cpp">
      <Filter>Source Files</Filter>
    </ClCompile>
    <ClCompile Include="EndianBinaryReader.cpp">
      <Filter>Source Files</Filter>
    </ClCompile>
    <ClCompile Include="lz4.c">
      <Filter>Source Files</Filter>
    </ClCompile>
    <ClCompile Include="AssetChunk.cpp">
      <Filter>Source Files</Filter>
    </ClCompile>
    <ClCompile Include="md5.c">
      <Filter>Source Files</Filter>
    </ClCompile>
    <ClCompile Include="EntryItem.cpp">
      <Filter>Source Files</Filter>
    </ClCompile>
    <ClCompile Include="ComparePaser.cpp">
      <Filter>Source Files\compare</Filter>
    </ClCompile>
    <ClCompile Include="Parser.cpp">
      <Filter>Source Files</Filter>
    </ClCompile>
    <ClCompile Include="MergeParser.cpp">
      <Filter>Source Files\merge</Filter>
    </ClCompile>
    <ClCompile Include="EndianBinaryWriter.cpp">
      <Filter>Source Files</Filter>
    </ClCompile>
    <ClCompile Include="lz4hc.c">
      <Filter>Source Files</Filter>
    </ClCompile>
    <ClCompile Include="AsignParser.cpp">
      <Filter>Source Files\asign</Filter>
    </ClCompile>
  </ItemGroup>
</Project>